
Microsoft Visual Studio Solution File, Format Version 12.00
Project("{FAE04EC0-301F-11D3-BF4B-00C04F79EFBC}") = "SpaceHaven Save Editor", "SpaceHaven Save Editor\SpaceHaven Save Editor.csproj", "{3A4AB1E9-F1A1-4FCE-8305-FBA6AD96270F}"
EndProject
Global
	GlobalSection(SolutionConfigurationPlatforms) = preSolution
		Debug|Any CPU = Debug|Any CPU
		Release|Any CPU = Release|Any CPU
	EndGlobalSection
	GlobalSection(ProjectConfigurationPlatforms) = postSolution
		{3A4AB1E9-F1A1-4FCE-8305-FBA6AD96270F}.Debug|Any CPU.ActiveCfg = Debug|Any CPU
		{3A4AB1E9-F1A1-4FCE-8305-FBA6AD96270F}.Debug|Any CPU.Build.0 = Debug|Any CPU
		{3A4AB1E9-F1A1-4FCE-8305-FBA6AD96270F}.Release|Any CPU.ActiveCfg = Release|Any CPU
		{3A4AB1E9-F1A1-4FCE-8305-FBA6AD96270F}.Release|Any CPU.Build.0 = Release|Any CPU
	EndGlobalSection
EndGlobal
